
Microsoft Visual Studio Solution File, Format Version 12.00
# Visual Studio 15
VisualStudioVersion = 15.0.26730.12
MinimumVisualStudioVersion = 10.0.40219.1
Project("{8BC9CEB8-8B4A-11D0-8D11-00A0C91BC942}") = "TspMFC", "TspMFC\TspMFC.vcxproj", "{E1FAEAAE-0767-47DA-8B65-11F067793ABD}"
EndProject
Global
	GlobalSection(SolutionConfigurationPlatforms) = preSolution
		Debug|x64 = Debug|x64
		Debug|x86 = Debug|x86
		Release|x64 = Release|x64
		Release|x86 = Release|x86
	EndGlobalSection
	GlobalSection(ProjectConfigurationPlatforms) = postSolution
		{E1FAEAAE-0767-47DA-8B65-11F067793ABD}.Debug|x64.ActiveCfg = Debug|x64
		{E1FAEAAE-0767-47DA-8B65-11F067793ABD}.Debug|x64.Build.0 = Debug|x64
		{E1FAEAAE-0767-47DA-8B65-11F067793ABD}.Debug|x86.ActiveCfg = Debug|Win32
		{E1FAEAAE-0767-47DA-8B65-11F067793ABD}.Debug|x86.Build.0 = Debug|Win32
		{E1FAEAAE-0767-47DA-8B65-11F067793ABD}.Release|x64.ActiveCfg = Release|x64
		{E1FAEAAE-0767-47DA-8B65-11F067793ABD}.Release|x64.Build.0 = Release|x64
		{E1FAEAAE-0767-47DA-8B65-11F067793ABD}.Release|x86.ActiveCfg = Release|Win32
		{E1FAEAAE-0767-47DA-8B65-11F067793ABD}.Release|x86.Build.0 = Release|Win32
	EndGlobalSection
	GlobalSection(SolutionProperties) = preSolution
		HideSolutionNode = FALSE
	EndGlobalSection
	GlobalSection(ExtensibilityGlobals) = postSolution
		SolutionGuid = {EC690FA6-54D2-4028-AFB6-E14A06D5C89C}
	EndGlobalSection
EndGlobal
